
Microsoft Visual Studio Solution File, Format Version 12.00
# Visual Studio 15
VisualStudioVersion = 15.0.27428.2043
MinimumVisualStudioVersion = 10.0.40219.1
Project("{9A19103F-16F7-4668-BE54-9A1E7A4F7556}") = "MicroService", "MicroService\MicroService.csproj", "{B564C24E-49BB-43BD-90CA-903E2BCA7FE6}"
EndProject
Project("{9A19103F-16F7-4668-BE54-9A1E7A4F7556}") = "MsgService", "MsgService\MsgService.csproj", "{B3CD21A1-4967-457B-BA9F-7DEF4F7823FB}"
EndProject
Project("{9A19103F-16F7-4668-BE54-9A1E7A4F7556}") = "ServiceConsumer", "ServiceConsumer\ServiceConsumer.csproj", "{CFD2A469-22EB-4C28-8DC0-8BD39C1440A0}"
EndProject
Project("{FAE04EC0-301F-11D3-BF4B-00C04F79EFBC}") = "4_PollyTest", "4_PollyTest\4_PollyTest.csproj", "{B0C08DD4-E026-4B0E-BC20-DD64AA56D843}"
EndProject
Global
	GlobalSection(SolutionConfigurationPlatforms) = preSolution
		Debug|Any CPU = Debug|Any CPU
		Release|Any CPU = Release|Any CPU
	EndGlobalSection
	GlobalSection(ProjectConfigurationPlatforms) = postSolution
		{B564C24E-49BB-43BD-90CA-903E2BCA7FE6}.Debug|Any CPU.ActiveCfg = Debug|Any CPU
		{B564C24E-49BB-43BD-90CA-903E2BCA7FE6}.Debug|Any CPU.Build.0 = Debug|Any CPU
		{B564C24E-49BB-43BD-90CA-903E2BCA7FE6}.Release|Any CPU.ActiveCfg = Release|Any CPU
		{B564C24E-49BB-43BD-90CA-903E2BCA7FE6}.Release|Any CPU.Build.0 = Release|Any CPU
		{B3CD21A1-4967-457B-BA9F-7DEF4F7823FB}.Debug|Any CPU.ActiveCfg = Debug|Any CPU
		{B3CD21A1-4967-457B-BA9F-7DEF4F7823FB}.Debug|Any CPU.Build.0 = Debug|Any CPU
		{B3CD21A1-4967-457B-BA9F-7DEF4F7823FB}.Release|Any CPU.ActiveCfg = Release|Any CPU
		{B3CD21A1-4967-457B-BA9F-7DEF4F7823FB}.Release|Any CPU.Build.0 = Release|Any CPU
		{CFD2A469-22EB-4C28-8DC0-8BD39C1440A0}.Debug|Any CPU.ActiveCfg = Debug|Any CPU
		{CFD2A469-22EB-4C28-8DC0-8BD39C1440A0}.Debug|Any CPU.Build.0 = Debug|Any CPU
		{CFD2A469-22EB-4C28-8DC0-8BD39C1440A0}.Release|Any CPU.ActiveCfg = Release|Any CPU
		{CFD2A469-22EB-4C28-8DC0-8BD39C1440A0}.Release|Any CPU.Build.0 = Release|Any CPU
		{B0C08DD4-E026-4B0E-BC20-DD64AA56D843}.Debug|Any CPU.ActiveCfg = Debug|Any CPU
		{B0C08DD4-E026-4B0E-BC20-DD64AA56D843}.Debug|Any CPU.Build.0 = Debug|Any CPU
		{B0C08DD4-E026-4B0E-BC20-DD64AA56D843}.Release|Any CPU.ActiveCfg = Release|Any CPU
		{B0C08DD4-E026-4B0E-BC20-DD64AA56D843}.Release|Any CPU.Build.0 = Release|Any CPU
	EndGlobalSection
	GlobalSection(SolutionProperties) = preSolution
		HideSolutionNode = FALSE
	EndGlobalSection
	GlobalSection(ExtensibilityGlobals) = postSolution
		SolutionGuid = {1475E4CD-3A7E-4D2B-A4F5-7E3E154F719A}
	EndGlobalSection
EndGlobal
