
Microsoft Visual Studio Solution File, Format Version 12.00
# Visual Studio 15
VisualStudioVersion = 15.0.27428.2043
MinimumVisualStudioVersion = 10.0.40219.1
Project("{9A19103F-16F7-4668-BE54-9A1E7A4F7556}") = "MicroService", "MicroService\MicroService.csproj", "{B564C24E-49BB-43BD-90CA-903E2BCA7FE6}"
EndProject
Project("{9A19103F-16F7-4668-BE54-9A1E7A4F7556}") = "MsgService", "MsgService\MsgService.csproj", "{B3CD21A1-4967-457B-BA9F-7DEF4F7823FB}"
EndProject
Project("{9A19103F-16F7-4668-BE54-9A1E7A4F7556}") = "ServiceConsumer", "ServiceConsumer\ServiceConsumer.csproj", "{CFD2A469-22EB-4C28-8DC0-8BD39C1440A0}"
EndProject
Project("{9A19103F-16F7-4668-BE54-9A1E7A4F7556}") = "4_PollyTest", "4_PollyTest\4_PollyTest.csproj", "{B0C08DD4-E026-4B0E-BC20-DD64AA56D843}"
EndProject
Project("{9A19103F-16F7-4668-BE54-9A1E7A4F7556}") = "5_APOTest", "5_APOTest\5_APOTest.csproj", "{964246B8-8D6B-43D7-B7F3-AE34D6E8EA27}"
EndProject
Project("{9A19103F-16F7-4668-BE54-9A1E7A4F7556}") = "6_HystrixTest1", "6_HystrixTest1\6_HystrixTest1.csproj", "{4A460DE1-04F3-4202-B619-3EEA0A1699E1}"
EndProject
Project("{9A19103F-16F7-4668-BE54-9A1E7A4F7556}") = "7_HystrixTest2", "7_HystrixTest2\7_HystrixTest2.csproj", "{0B117BC7-7711-44A4-B162-E2702CB12E8E}"
EndProject
Project("{9A19103F-16F7-4668-BE54-9A1E7A4F7556}") = "_7_HystrixTest3", "_7_HystrixTest3\_7_HystrixTest3.csproj", "{316C7274-2CDD-42D9-9D1B-7DCC6AF2AD7D}"
EndProject
Project("{9A19103F-16F7-4668-BE54-9A1E7A4F7556}") = "_8_OcelotTest1", "_8_OcelotTest1\_8_OcelotTest1.csproj", "{BF2EABB9-EB5D-4837-96D6-81F96DC023E3}"
EndProject
Project("{9A19103F-16F7-4668-BE54-9A1E7A4F7556}") = "ProductService", "ProductService\ProductService.csproj", "{A06C8473-0A07-485C-8894-2227CB55C11A}"
EndProject
Project("{9A19103F-16F7-4668-BE54-9A1E7A4F7556}") = "_9_JWTTest1", "_9_JWTTest1\_9_JWTTest1.csproj", "{62DB8B30-1B55-45FD-B7FF-FB03686AA570}"
EndProject
Project("{2150E333-8FDC-42A3-9474-1A3956D46DE8}") = "ocelot+id4", "ocelot+id4", "{51A8BE77-A6B5-454C-9F53-EDC8C5E43F2C}"
EndProject
Project("{9A19103F-16F7-4668-BE54-9A1E7A4F7556}") = "ID4.IdServer", "ID4.IdServer\ID4.IdServer.csproj", "{E276146E-0BD5-4BA1-9700-613AD09D9AA9}"
EndProject
Project("{FAE04EC0-301F-11D3-BF4B-00C04F79EFBC}") = "ID4.Ocelot1", "ID4.Ocelot1\ID4.Ocelot1.csproj", "{588B4AF9-D754-4630-9E03-8971FDF00E92}"
EndProject
Global
	GlobalSection(SolutionConfigurationPlatforms) = preSolution
		Debug|Any CPU = Debug|Any CPU
		Release|Any CPU = Release|Any CPU
	EndGlobalSection
	GlobalSection(ProjectConfigurationPlatforms) = postSolution
		{B564C24E-49BB-43BD-90CA-903E2BCA7FE6}.Debug|Any CPU.ActiveCfg = Debug|Any CPU
		{B564C24E-49BB-43BD-90CA-903E2BCA7FE6}.Debug|Any CPU.Build.0 = Debug|Any CPU
		{B564C24E-49BB-43BD-90CA-903E2BCA7FE6}.Release|Any CPU.ActiveCfg = Release|Any CPU
		{B564C24E-49BB-43BD-90CA-903E2BCA7FE6}.Release|Any CPU.Build.0 = Release|Any CPU
		{B3CD21A1-4967-457B-BA9F-7DEF4F7823FB}.Debug|Any CPU.ActiveCfg = Debug|Any CPU
		{B3CD21A1-4967-457B-BA9F-7DEF4F7823FB}.Debug|Any CPU.Build.0 = Debug|Any CPU
		{B3CD21A1-4967-457B-BA9F-7DEF4F7823FB}.Release|Any CPU.ActiveCfg = Release|Any CPU
		{B3CD21A1-4967-457B-BA9F-7DEF4F7823FB}.Release|Any CPU.Build.0 = Release|Any CPU
		{CFD2A469-22EB-4C28-8DC0-8BD39C1440A0}.Debug|Any CPU.ActiveCfg = Debug|Any CPU
		{CFD2A469-22EB-4C28-8DC0-8BD39C1440A0}.Debug|Any CPU.Build.0 = Debug|Any CPU
		{CFD2A469-22EB-4C28-8DC0-8BD39C1440A0}.Release|Any CPU.ActiveCfg = Release|Any CPU
		{CFD2A469-22EB-4C28-8DC0-8BD39C1440A0}.Release|Any CPU.Build.0 = Release|Any CPU
		{B0C08DD4-E026-4B0E-BC20-DD64AA56D843}.Debug|Any CPU.ActiveCfg = Debug|Any CPU
		{B0C08DD4-E026-4B0E-BC20-DD64AA56D843}.Debug|Any CPU.Build.0 = Debug|Any CPU
		{B0C08DD4-E026-4B0E-BC20-DD64AA56D843}.Release|Any CPU.ActiveCfg = Release|Any CPU
		{B0C08DD4-E026-4B0E-BC20-DD64AA56D843}.Release|Any CPU.Build.0 = Release|Any CPU
		{964246B8-8D6B-43D7-B7F3-AE34D6E8EA27}.Debug|Any CPU.ActiveCfg = Debug|Any CPU
		{964246B8-8D6B-43D7-B7F3-AE34D6E8EA27}.Debug|Any CPU.Build.0 = Debug|Any CPU
		{964246B8-8D6B-43D7-B7F3-AE34D6E8EA27}.Release|Any CPU.ActiveCfg = Release|Any CPU
		{964246B8-8D6B-43D7-B7F3-AE34D6E8EA27}.Release|Any CPU.Build.0 = Release|Any CPU
		{4A460DE1-04F3-4202-B619-3EEA0A1699E1}.Debug|Any CPU.ActiveCfg = Debug|Any CPU
		{4A460DE1-04F3-4202-B619-3EEA0A1699E1}.Debug|Any CPU.Build.0 = Debug|Any CPU
		{4A460DE1-04F3-4202-B619-3EEA0A1699E1}.Release|Any CPU.ActiveCfg = Release|Any CPU
		{4A460DE1-04F3-4202-B619-3EEA0A1699E1}.Release|Any CPU.Build.0 = Release|Any CPU
		{0B117BC7-7711-44A4-B162-E2702CB12E8E}.Debug|Any CPU.ActiveCfg = Debug|Any CPU
		{0B117BC7-7711-44A4-B162-E2702CB12E8E}.Debug|Any CPU.Build.0 = Debug|Any CPU
		{0B117BC7-7711-44A4-B162-E2702CB12E8E}.Release|Any CPU.ActiveCfg = Release|Any CPU
		{0B117BC7-7711-44A4-B162-E2702CB12E8E}.Release|Any CPU.Build.0 = Release|Any CPU
		{316C7274-2CDD-42D9-9D1B-7DCC6AF2AD7D}.Debug|Any CPU.ActiveCfg = Debug|Any CPU
		{316C7274-2CDD-42D9-9D1B-7DCC6AF2AD7D}.Debug|Any CPU.Build.0 = Debug|Any CPU
		{316C7274-2CDD-42D9-9D1B-7DCC6AF2AD7D}.Release|Any CPU.ActiveCfg = Release|Any CPU
		{316C7274-2CDD-42D9-9D1B-7DCC6AF2AD7D}.Release|Any CPU.Build.0 = Release|Any CPU
		{BF2EABB9-EB5D-4837-96D6-81F96DC023E3}.Debug|Any CPU.ActiveCfg = Debug|Any CPU
		{BF2EABB9-EB5D-4837-96D6-81F96DC023E3}.Debug|Any CPU.Build.0 = Debug|Any CPU
		{BF2EABB9-EB5D-4837-96D6-81F96DC023E3}.Release|Any CPU.ActiveCfg = Release|Any CPU
		{BF2EABB9-EB5D-4837-96D6-81F96DC023E3}.Release|Any CPU.Build.0 = Release|Any CPU
		{A06C8473-0A07-485C-8894-2227CB55C11A}.Debug|Any CPU.ActiveCfg = Debug|Any CPU
		{A06C8473-0A07-485C-8894-2227CB55C11A}.Debug|Any CPU.Build.0 = Debug|Any CPU
		{A06C8473-0A07-485C-8894-2227CB55C11A}.Release|Any CPU.ActiveCfg = Release|Any CPU
		{A06C8473-0A07-485C-8894-2227CB55C11A}.Release|Any CPU.Build.0 = Release|Any CPU
		{62DB8B30-1B55-45FD-B7FF-FB03686AA570}.Debug|Any CPU.ActiveCfg = Debug|Any CPU
		{62DB8B30-1B55-45FD-B7FF-FB03686AA570}.Debug|Any CPU.Build.0 = Debug|Any CPU
		{62DB8B30-1B55-45FD-B7FF-FB03686AA570}.Release|Any CPU.ActiveCfg = Release|Any CPU
		{62DB8B30-1B55-45FD-B7FF-FB03686AA570}.Release|Any CPU.Build.0 = Release|Any CPU
		{E276146E-0BD5-4BA1-9700-613AD09D9AA9}.Debug|Any CPU.ActiveCfg = Debug|Any CPU
		{E276146E-0BD5-4BA1-9700-613AD09D9AA9}.Debug|Any CPU.Build.0 = Debug|Any CPU
		{E276146E-0BD5-4BA1-9700-613AD09D9AA9}.Release|Any CPU.ActiveCfg = Release|Any CPU
		{E276146E-0BD5-4BA1-9700-613AD09D9AA9}.Release|Any CPU.Build.0 = Release|Any CPU
		{588B4AF9-D754-4630-9E03-8971FDF00E92}.Debug|Any CPU.ActiveCfg = Debug|Any CPU
		{588B4AF9-D754-4630-9E03-8971FDF00E92}.Debug|Any CPU.Build.0 = Debug|Any CPU
		{588B4AF9-D754-4630-9E03-8971FDF00E92}.Release|Any CPU.ActiveCfg = Release|Any CPU
		{588B4AF9-D754-4630-9E03-8971FDF00E92}.Release|Any CPU.Build.0 = Release|Any CPU
	EndGlobalSection
	GlobalSection(SolutionProperties) = preSolution
		HideSolutionNode = FALSE
	EndGlobalSection
	GlobalSection(NestedProjects) = preSolution
		{E276146E-0BD5-4BA1-9700-613AD09D9AA9} = {51A8BE77-A6B5-454C-9F53-EDC8C5E43F2C}
		{588B4AF9-D754-4630-9E03-8971FDF00E92} = {51A8BE77-A6B5-454C-9F53-EDC8C5E43F2C}
	EndGlobalSection
	GlobalSection(ExtensibilityGlobals) = postSolution
		SolutionGuid = {1475E4CD-3A7E-4D2B-A4F5-7E3E154F719A}
	EndGlobalSection
EndGlobal
